
Microsoft Visual Studio Solution File, Format Version 12.00
# Visual Studio Version 17
VisualStudioVersion = 17.9.34728.123
MinimumVisualStudioVersion = 10.0.40219.1
Project("{FAE04EC0-301F-11D3-BF4B-00C04F79EFBC}") = "tp26_3", "tp26_3\tp26_3.csproj", "{D91100C0-ECFC-4F32-8B53-D93F40531B01}"
EndProject
Global
	GlobalSection(SolutionConfigurationPlatforms) = preSolution
		Debug|Any CPU = Debug|Any CPU
		Release|Any CPU = Release|Any CPU
	EndGlobalSection
	GlobalSection(ProjectConfigurationPlatforms) = postSolution
		{D91100C0-ECFC-4F32-8B53-D93F40531B01}.Debug|Any CPU.ActiveCfg = Debug|Any CPU
		{D91100C0-ECFC-4F32-8B53-D93F40531B01}.Debug|Any CPU.Build.0 = Debug|Any CPU
		{D91100C0-ECFC-4F32-8B53-D93F40531B01}.Release|Any CPU.ActiveCfg = Release|Any CPU
		{D91100C0-ECFC-4F32-8B53-D93F40531B01}.Release|Any CPU.Build.0 = Release|Any CPU
	EndGlobalSection
	GlobalSection(SolutionProperties) = preSolution
		HideSolutionNode = FALSE
	EndGlobalSection
	GlobalSection(ExtensibilityGlobals) = postSolution
		SolutionGuid = {6F64DCC7-A79C-42EB-87EC-0182AA4927C0}
	EndGlobalSection
EndGlobal
